{
  "name": "WebApplication3",
  "lockfileVersion": 3,
  "requires": true,
  "packages": {
    "": {
      "dependencies": {
        "bootbox": "^6.0.0",
        "bootstrap": "^5.3.3",
        "bootstrap-dialog": "^1.34.6",
        "bootstrap-table": "^1.23.5"
      }
    },
    "node_modules/@popperjs/core": {
      "version": "2.11.8",
      "resolved": "https://registry.npmjs.org/@popperjs/core/-/core-2.11.8.tgz",
      "integrity": "sha512-P1st0aksCrn9sGZhp8GMYwBnQsbvAWsZAX44oXNNvLHGqAOcoVxmjZiohstwQ7SqKnbR47akdNi+uleWD8+g6A==",
      "peer": true,
      "funding": {
        "type": "opencollective",
        "url": "https://opencollective.com/popperjs"
      }
    },
    "node_modules/bootbox": {
      "version": "6.0.0",
      "resolved": "https://registry.npmjs.org/bootbox/-/bootbox-6.0.0.tgz",
      "integrity": "sha512-+Calbj1v5UvxAXXDAHfoBlsx63Hcz1JqHaZdJ5EjIcOlkyAbZLCreVScx0Em6ZUvsMCqynuz/3nGDyd9FtFrNQ==",
      "peerDependencies": {
        "@popperjs/core": "^2.0.0",
        "bootstrap": "^4.4.0 || ^5.0.0",
        "jquery": "^3.5.1"
      }
    },
    "node_modules/bootstrap": {
      "version": "5.3.3",
      "resolved": "https://registry.npmjs.org/bootstrap/-/bootstrap-5.3.3.tgz",
      "integrity": "sha512-8HLCdWgyoMguSO9o+aH+iuZ+aht+mzW0u3HIMzVu7Srrpv7EBBxTnrFlSCskwdY1+EOFQSm7uMJhNQHkdPcmjg==",
      "funding": [
        {
          "type": "github",
          "url": "https://github.com/sponsors/twbs"
        },
        {
          "type": "opencollective",
          "url": "https://opencollective.com/bootstrap"
        }
      ],
      "peerDependencies": {
        "@popperjs/core": "^2.11.8"
      }
    },
    "node_modules/bootstrap-dialog": {
      "version": "1.34.6",
      "resolved": "https://registry.npmjs.org/bootstrap-dialog/-/bootstrap-dialog-1.34.6.tgz",
      "integrity": "sha512-ARLNWheVR4b4J3J7aE2MN+81Se+1YX+Y4uMK1v4fJGO1Gwkz6ObdKvubdYf66qpdt1yg7IEicyU+iK82iSQbfQ=="
    },
    "node_modules/bootstrap-table": {
      "version": "1.23.5",
      "resolved": "https://registry.npmjs.org/bootstrap-table/-/bootstrap-table-1.23.5.tgz",
      "integrity": "sha512-9WByoSpJvA73gi2YYIlX6IWR74oZtBmSixul/Th8FTBtBd/kZRpbKESGTjhA3BA3AYTnfyY8Iy1KeRWPlV2GWQ==",
      "peerDependencies": {
        "jquery": "3"
      }
    },
    "node_modules/jquery": {
      "version": "3.7.1",
      "resolved": "https://registry.npmjs.org/jquery/-/jquery-3.7.1.tgz",
      "integrity": "sha512-m4avr8yL8kmFN8psrbFFFmB/If14iN5o9nw/NgnnM+kybDJpRsAynV2BsfpTYrTRysYUdADVD7CkUUizgkpLfg==",
      "peer": true
    }
  }
}
